// !$*UTF8*$!
{
	archiveVersion = 1;
	classes = {
	};
	objectVersion = 50;
	objects = {

/* Begin PBXBuildFile section */
		4A01D6572619E717005D1882 /* TextLimiter.swift in Sources */ = {isa = PBXBuildFile; fileRef = 4A01D6562619E717005D1882 /* TextLimiter.swift */; };
		4A020B832617651200EDC07A /* GameOverPage.swift in Sources */ = {isa = PBXBuildFile; fileRef = 4A020B822617651200EDC07A /* GameOverPage.swift */; };
		4A04D7AB2614B19B00C71B3A /* GameTimer.swift in Sources */ = {isa = PBXBuildFile; fileRef = 4A04D7AA2614B19B00C71B3A /* GameTimer.swift */; };
		4A0BADF626177F05006E89B8 /* FrenchSpeaker.swift in Sources */ = {isa = PBXBuildFile; fileRef = 4A0BADF526177F05006E89B8 /* FrenchSpeaker.swift */; };
		4A2A612026141ED600F6B861 /* ntou1902iOS_hw3App.swift in Sources */ = {isa = PBXBuildFile; fileRef = 4A2A611F26141ED600F6B861 /* ntou1902iOS_hw3App.swift */; };
		4A2A612226141ED600F6B861 /* HomePage.swift in Sources */ = {isa = PBXBuildFile; fileRef = 4A2A612126141ED600F6B861 /* HomePage.swift */; };
		4A2A612426141ED600F6B861 /* Assets.xcassets in Resources */ = {isa = PBXBuildFile; fileRef = 4A2A612326141ED600F6B861 /* Assets.xcassets */; };
		4A2A612726141ED600F6B861 /* Preview Assets.xcassets in Resources */ = {isa = PBXBuildFile; fileRef = 4A2A612626141ED600F6B861 /* Preview Assets.xcassets */; };
		4A2A613126141F5700F6B861 /* PlayPage.swift in Sources */ = {isa = PBXBuildFile; fileRef = 4A2A613026141F5700F6B861 /* PlayPage.swift */; };
		4A2A613426141F6700F6B861 /* LeaderboardPage.swift in Sources */ = {isa = PBXBuildFile; fileRef = 4A2A613326141F6700F6B861 /* LeaderboardPage.swift */; };
		4A3183EE26172382004B6570 /* updatePos.swift in Sources */ = {isa = PBXBuildFile; fileRef = 4A3183ED26172382004B6570 /* updatePos.swift */; };
		4A445352261862D00082050A /* AVPlayerExtension.swift in Sources */ = {isa = PBXBuildFile; fileRef = 4A445351261862D00082050A /* AVPlayerExtension.swift */; };
		4A4453562618646F0082050A /* correct.mp3 in Resources */ = {isa = PBXBuildFile; fileRef = 4A4453552618646F0082050A /* correct.mp3 */; };
		4A4453592618648E0082050A /* wrong.mp3 in Resources */ = {isa = PBXBuildFile; fileRef = 4A4453582618648E0082050A /* wrong.mp3 */; };
		4A44535C261866470082050A /* MLG_Horns.mp3 in Resources */ = {isa = PBXBuildFile; fileRef = 4A44535B261866470082050A /* MLG_Horns.mp3 */; };
		4A44535F261867290082050A /* Sad Trombone.mp3 in Resources */ = {isa = PBXBuildFile; fileRef = 4A44535E261867290082050A /* Sad Trombone.mp3 */; };
		4A44536326186C330082050A /* French music no copyright.mp3 in Resources */ = {isa = PBXBuildFile; fileRef = 4A44536226186C330082050A /* French music no copyright.mp3 */; };
		4A5E717226146BD300650188 /* Vocabulary.swift in Sources */ = {isa = PBXBuildFile; fileRef = 4A5E717126146BD300650188 /* Vocabulary.swift */; };
		4A94C52D26156BF900CDB1B6 /* PageControl.swift in Sources */ = {isa = PBXBuildFile; fileRef = 4A94C52C26156BF900CDB1B6 /* PageControl.swift */; };
		4A94C538261575B900CDB1B6 /* RecordData.swift in Sources */ = {isa = PBXBuildFile; fileRef = 4A94C537261575B900CDB1B6 /* RecordData.swift */; };
		4A94C53B261579EF00CDB1B6 /* RecordRow.swift in Sources */ = {isa = PBXBuildFile; fileRef = 4A94C53A261579EF00CDB1B6 /* RecordRow.swift */; };
		4A94C53E2615F1A600CDB1B6 /* StrokeText.swift in Sources */ = {isa = PBXBuildFile; fileRef = 4A94C53D2615F1A600CDB1B6 /* StrokeText.swift */; };
		4ADA06242618DFA500D6D0AC /* EnterNamePage.swift in Sources */ = {isa = PBXBuildFile; fileRef = 4ADA06232618DFA500D6D0AC /* EnterNamePage.swift */; };
/* End PBXBuildFile section */

/* Begin PBXFileReference section */
		4A01D6562619E717005D1882 /* TextLimiter.swift */ = {isa = PBXFileReference; lastKnownFileType = sourcecode.swift; path = TextLimiter.swift; sourceTree = "<group>"; };
		4A020B822617651200EDC07A /* GameOverPage.swift */ = {isa = PBXFileReference; lastKnownFileType = sourcecode.swift; path = GameOverPage.swift; sourceTree = "<group>"; };
		4A04D7AA2614B19B00C71B3A /* GameTimer.swift */ = {isa = PBXFileReference; lastKnownFileType = sourcecode.swift; path = GameTimer.swift; sourceTree = "<group>"; };
		4A0BADF526177F05006E89B8 /* FrenchSpeaker.swift */ = {isa = PBXFileReference; lastKnownFileType = sourcecode.swift; path = FrenchSpeaker.swift; sourceTree = "<group>"; };
		4A2A611C26141ED600F6B861 /* ntou1902iOS_hw3.app */ = {isa = PBXFileReference; explicitFileType = wrapper.application; includeInIndex = 0; path = ntou1902iOS_hw3.app; sourceTree = BUILT_PRODUCTS_DIR; };
		4A2A611F26141ED600F6B861 /* ntou1902iOS_hw3App.swift */ = {isa = PBXFileReference; lastKnownFileType = sourcecode.swift; path = ntou1902iOS_hw3App.swift; sourceTree = "<group>"; };
		4A2A612126141ED600F6B861 /* HomePage.swift */ = {isa = PBXFileReference; lastKnownFileType = sourcecode.swift; path = HomePage.swift; sourceTree = "<group>"; };
		4A2A612326141ED600F6B861 /* Assets.xcassets */ = {isa = PBXFileReference; lastKnownFileType = folder.assetcatalog; path = Assets.xcassets; sourceTree = "<group>"; };
		4A2A612626141ED600F6B861 /* Preview Assets.xcassets */ = {isa = PBXFileReference; lastKnownFileType = folder.assetcatalog; path = "Preview Assets.xcassets"; sourceTree = "<group>"; };
		4A2A612826141ED600F6B861 /* Info.plist */ = {isa = PBXFileReference; lastKnownFileType = text.plist.xml; path = Info.plist; sourceTree = "<group>"; };
		4A2A613026141F5700F6B861 /* PlayPage.swift */ = {isa = PBXFileReference; lastKnownFileType = sourcecode.swift; path = PlayPage.swift; sourceTree = "<group>"; };
		4A2A613326141F6700F6B861 /* LeaderboardPage.swift */ = {isa = PBXFileReference; lastKnownFileType = sourcecode.swift; path = LeaderboardPage.swift; sourceTree = "<group>"; };
		4A3183ED26172382004B6570 /* updatePos.swift */ = {isa = PBXFileReference; lastKnownFileType = sourcecode.swift; path = updatePos.swift; sourceTree = "<group>"; };
		4A445351261862D00082050A /* AVPlayerExtension.swift */ = {isa = PBXFileReference; lastKnownFileType = sourcecode.swift; path = AVPlayerExtension.swift; sourceTree = "<group>"; };
		4A4453552618646F0082050A /* correct.mp3 */ = {isa = PBXFileReference; lastKnownFileType = audio.mp3; path = correct.mp3; sourceTree = "<group>"; };
		4A4453582618648E0082050A /* wrong.mp3 */ = {isa = PBXFileReference; lastKnownFileType = audio.mp3; path = wrong.mp3; sourceTree = "<group>"; };
		4A44535B261866470082050A /* MLG_Horns.mp3 */ = {isa = PBXFileReference; lastKnownFileType = audio.mp3; path = MLG_Horns.mp3; sourceTree = "<group>"; };
		4A44535E261867290082050A /* Sad Trombone.mp3 */ = {isa = PBXFileReference; lastKnownFileType = audio.mp3; path = "Sad Trombone.mp3"; sourceTree = "<group>"; };
		4A44536226186C330082050A /* French music no copyright.mp3 */ = {isa = PBXFileReference; lastKnownFileType = audio.mp3; path = "French music no copyright.mp3"; sourceTree = "<group>"; };
		4A5E717126146BD300650188 /* Vocabulary.swift */ = {isa = PBXFileReference; lastKnownFileType = sourcecode.swift; path = Vocabulary.swift; sourceTree = "<group>"; };
		4A94C52C26156BF900CDB1B6 /* PageControl.swift */ = {isa = PBXFileReference; lastKnownFileType = sourcecode.swift; path = PageControl.swift; sourceTree = "<group>"; };
		4A94C537261575B900CDB1B6 /* RecordData.swift */ = {isa = PBXFileReference; lastKnownFileType = sourcecode.swift; path = RecordData.swift; sourceTree = "<group>"; };
		4A94C53A261579EF00CDB1B6 /* RecordRow.swift */ = {isa = PBXFileReference; lastKnownFileType = sourcecode.swift; path = RecordRow.swift; sourceTree = "<group>"; };
		4A94C53D2615F1A600CDB1B6 /* StrokeText.swift */ = {isa = PBXFileReference; lastKnownFileType = sourcecode.swift; path = StrokeText.swift; sourceTree = "<group>"; };
		4ADA06232618DFA500D6D0AC /* EnterNamePage.swift */ = {isa = PBXFileReference; lastKnownFileType = sourcecode.swift; path = EnterNamePage.swift; sourceTree = "<group>"; };
/* End PBXFileReference section */

/* Begin PBXFrameworksBuildPhase section */
		4A2A611926141ED600F6B861 /* Frameworks */ = {
			isa = PBXFrameworksBuildPhase;
			buildActionMask = 2147483647;
			files = (
			);
			runOnlyForDeploymentPostprocessing = 0;
		};
/* End PBXFrameworksBuildPhase section */

/* Begin PBXGroup section */
		4A2A611326141ED500F6B861 = {
			isa = PBXGroup;
			children = (
				4A2A611E26141ED600F6B861 /* ntou1902iOS_hw3 */,
				4A2A611D26141ED600F6B861 /* Products */,
			);
			sourceTree = "<group>";
		};
		4A2A611D26141ED600F6B861 /* Products */ = {
			isa = PBXGroup;
			children = (
				4A2A611C26141ED600F6B861 /* ntou1902iOS_hw3.app */,
			);
			name = Products;
			sourceTree = "<group>";
		};
		4A2A611E26141ED600F6B861 /* ntou1902iOS_hw3 */ = {
			isa = PBXGroup;
			children = (
				4A2A611F26141ED600F6B861 /* ntou1902iOS_hw3App.swift */,
				4A94C531261572E100CDB1B6 /* Pages */,
				4A94C5352615735D00CDB1B6 /* Data */,
				4A94C5342615734100CDB1B6 /* Tools */,
				4A44534C26185D650082050A /* Resources */,
				4A2A612326141ED600F6B861 /* Assets.xcassets */,
				4A2A612826141ED600F6B861 /* Info.plist */,
				4A2A612526141ED600F6B861 /* Preview Content */,
			);
			path = ntou1902iOS_hw3;
			sourceTree = "<group>";
		};
		4A2A612526141ED600F6B861 /* Preview Content */ = {
			isa = PBXGroup;
			children = (
				4A2A612626141ED600F6B861 /* Preview Assets.xcassets */,
			);
			path = "Preview Content";
			sourceTree = "<group>";
		};
		4A44534C26185D650082050A /* Resources */ = {
			isa = PBXGroup;
			children = (
				4A4453582618648E0082050A /* wrong.mp3 */,
				4A4453552618646F0082050A /* correct.mp3 */,
				4A44535B261866470082050A /* MLG_Horns.mp3 */,
				4A44535E261867290082050A /* Sad Trombone.mp3 */,
				4A44536226186C330082050A /* French music no copyright.mp3 */,
				4A445351261862D00082050A /* AVPlayerExtension.swift */,
			);
			path = Resources;
			sourceTree = "<group>";
		};
		4A94C531261572E100CDB1B6 /* Pages */ = {
			isa = PBXGroup;
			children = (
				4A94C52C26156BF900CDB1B6 /* PageControl.swift */,
				4A2A612126141ED600F6B861 /* HomePage.swift */,
				4A2A613026141F5700F6B861 /* PlayPage.swift */,
				4A2A613326141F6700F6B861 /* LeaderboardPage.swift */,
				4A020B822617651200EDC07A /* GameOverPage.swift */,
				4ADA06232618DFA500D6D0AC /* EnterNamePage.swift */,
			);
			path = Pages;
			sourceTree = "<group>";
		};
		4A94C5342615734100CDB1B6 /* Tools */ = {
			isa = PBXGroup;
			children = (
				4A3183ED26172382004B6570 /* updatePos.swift */,
				4A94C53A261579EF00CDB1B6 /* RecordRow.swift */,
				4A04D7AA2614B19B00C71B3A /* GameTimer.swift */,
				4A94C53D2615F1A600CDB1B6 /* StrokeText.swift */,
				4A0BADF526177F05006E89B8 /* FrenchSpeaker.swift */,
				4A01D6562619E717005D1882 /* TextLimiter.swift */,
			);
			path = Tools;
			sourceTree = "<group>";
		};
		4A94C5352615735D00CDB1B6 /* Data */ = {
			isa = PBXGroup;
			children = (
				4A5E717126146BD300650188 /* Vocabulary.swift */,
				4A94C537261575B900CDB1B6 /* RecordData.swift */,
			);
			path = Data;
			sourceTree = "<group>";
		};
/* End PBXGroup section */

/* Begin PBXNativeTarget section */
		4A2A611B26141ED600F6B861 /* ntou1902iOS_hw3 */ = {
			isa = PBXNativeTarget;
			buildConfigurationList = 4A2A612B26141ED600F6B861 /* Build configuration list for PBXNativeTarget "ntou1902iOS_hw3" */;
			buildPhases = (
				4A2A611826141ED600F6B861 /* Sources */,
				4A2A611926141ED600F6B861 /* Frameworks */,
				4A2A611A26141ED600F6B861 /* Resources */,
			);
			buildRules = (
			);
			dependencies = (
			);
			name = ntou1902iOS_hw3;
			productName = ntou1902iOS_hw3;
			productReference = 4A2A611C26141ED600F6B861 /* ntou1902iOS_hw3.app */;
			productType = "com.apple.product-type.application";
		};
/* End PBXNativeTarget section */

/* Begin PBXProject section */
		4A2A611426141ED500F6B861 /* Project object */ = {
			isa = PBXProject;
			attributes = {
				LastSwiftUpdateCheck = 1240;
				LastUpgradeCheck = 1240;
				TargetAttributes = {
					4A2A611B26141ED600F6B861 = {
						CreatedOnToolsVersion = 12.4;
					};
				};
			};
			buildConfigurationList = 4A2A611726141ED500F6B861 /* Build configuration list for PBXProject "ntou1902iOS_hw3" */;
			compatibilityVersion = "Xcode 9.3";
			developmentRegion = en;
			hasScannedForEncodings = 0;
			knownRegions = (
				en,
				Base,
			);
			mainGroup = 4A2A611326141ED500F6B861;
			productRefGroup = 4A2A611D26141ED600F6B861 /* Products */;
			projectDirPath = "";
			projectRoot = "";
			targets = (
				4A2A611B26141ED600F6B861 /* ntou1902iOS_hw3 */,
			);
		};
/* End PBXProject section */

/* Begin PBXResourcesBuildPhase section */
		4A2A611A26141ED600F6B861 /* Resources */ = {
			isa = PBXResourcesBuildPhase;
			buildActionMask = 2147483647;
			files = (
				4A4453592618648E0082050A /* wrong.mp3 in Resources */,
				4A44535C261866470082050A /* MLG_Horns.mp3 in Resources */,
				4A44535F261867290082050A /* Sad Trombone.mp3 in Resources */,
				4A44536326186C330082050A /* French music no copyright.mp3 in Resources */,
				4A2A612726141ED600F6B861 /* Preview Assets.xcassets in Resources */,
				4A2A612426141ED600F6B861 /* Assets.xcassets in Resources */,
				4A4453562618646F0082050A /* correct.mp3 in Resources */,
			);
			runOnlyForDeploymentPostprocessing = 0;
		};
/* End PBXResourcesBuildPhase section */

/* Begin PBXSourcesBuildPhase section */
		4A2A611826141ED600F6B861 /* Sources */ = {
			isa = PBXSourcesBuildPhase;
			buildActionMask = 2147483647;
			files = (
				4A3183EE26172382004B6570 /* updatePos.swift in Sources */,
				4A94C53E2615F1A600CDB1B6 /* StrokeText.swift in Sources */,
				4A2A612226141ED600F6B861 /* HomePage.swift in Sources */,
				4A94C52D26156BF900CDB1B6 /* PageControl.swift in Sources */,
				4A020B832617651200EDC07A /* GameOverPage.swift in Sources */,
				4A2A613126141F5700F6B861 /* PlayPage.swift in Sources */,
				4A5E717226146BD300650188 /* Vocabulary.swift in Sources */,
				4A01D6572619E717005D1882 /* TextLimiter.swift in Sources */,
				4A94C538261575B900CDB1B6 /* RecordData.swift in Sources */,
				4ADA06242618DFA500D6D0AC /* EnterNamePage.swift in Sources */,
				4A2A613426141F6700F6B861 /* LeaderboardPage.swift in Sources */,
				4A04D7AB2614B19B00C71B3A /* GameTimer.swift in Sources */,
				4A2A612026141ED600F6B861 /* ntou1902iOS_hw3App.swift in Sources */,
				4A445352261862D00082050A /* AVPlayerExtension.swift in Sources */,
				4A94C53B261579EF00CDB1B6 /* RecordRow.swift in Sources */,
				4A0BADF626177F05006E89B8 /* FrenchSpeaker.swift in Sources */,
			);
			runOnlyForDeploymentPostprocessing = 0;
		};
/* End PBXSourcesBuildPhase section */

/* Begin XCBuildConfiguration section */
		4A2A612926141ED600F6B861 /* Debug */ = {
			isa = XCBuildConfiguration;
			buildSettings = {
				ALWAYS_SEARCH_USER_PATHS = NO;
				CLANG_ANALYZER_NONNULL = YES;
				CLANG_ANALYZER_NUMBER_OBJECT_CONVERSION = YES_AGGRESSIVE;
				CLANG_CXX_LANGUAGE_STANDARD = "gnu++14";
				CLANG_CXX_LIBRARY = "libc++";
				CLANG_ENABLE_MODULES = YES;
				CLANG_ENABLE_OBJC_ARC = YES;
				CLANG_ENABLE_OBJC_WEAK = YES;
				CLANG_WARN_BLOCK_CAPTURE_AUTORELEASING = YES;
				CLANG_WARN_BOOL_CONVERSION = YES;
				CLANG_WARN_COMMA = YES;
				CLANG_WARN_CONSTANT_CONVERSION = YES;
				CLANG_WARN_DEPRECATED_OBJC_IMPLEMENTATIONS = YES;
				CLANG_WARN_DIRECT_OBJC_ISA_USAGE = YES_ERROR;
				CLANG_WARN_DOCUMENTATION_COMMENTS = YES;
				CLANG_WARN_EMPTY_BODY = YES;
				CLANG_WARN_ENUM_CONVERSION = YES;
				CLANG_WARN_INFINITE_RECURSION = YES;
				CLANG_WARN_INT_CONVERSION = YES;
				CLANG_WARN_NON_LITERAL_NULL_CONVERSION = YES;
				CLANG_WARN_OBJC_IMPLICIT_RETAIN_SELF = YES;
				CLANG_WARN_OBJC_LITERAL_CONVERSION = YES;
				CLANG_WARN_OBJC_ROOT_CLASS = YES_ERROR;
				CLANG_WARN_QUOTED_INCLUDE_IN_FRAMEWORK_HEADER = YES;
				CLANG_WARN_RANGE_LOOP_ANALYSIS = YES;
				CLANG_WARN_STRICT_PROTOTYPES = YES;
				CLANG_WARN_SUSPICIOUS_MOVE = YES;
				CLANG_WARN_UNGUARDED_AVAILABILITY = YES_AGGRESSIVE;
				CLANG_WARN_UNREACHABLE_CODE = YES;
				CLANG_WARN__DUPLICATE_METHOD_MATCH = YES;
				COPY_PHASE_STRIP = NO;
				DEBUG_INFORMATION_FORMAT = dwarf;
				ENABLE_STRICT_OBJC_MSGSEND = YES;
				ENABLE_TESTABILITY = YES;
				GCC_C_LANGUAGE_STANDARD = gnu11;
				GCC_DYNAMIC_NO_PIC = NO;
				GCC_NO_COMMON_BLOCKS = YES;
				GCC_OPTIMIZATION_LEVEL = 0;
				GCC_PREPROCESSOR_DEFINITIONS = (
					"DEBUG=1",
					"$(inherited)",
				);
				GCC_WARN_64_TO_32_BIT_CONVERSION = YES;
				GCC_WARN_ABOUT_RETURN_TYPE = YES_ERROR;
				GCC_WARN_UNDECLARED_SELECTOR = YES;
				GCC_WARN_UNINITIALIZED_AUTOS = YES_AGGRESSIVE;
				GCC_WARN_UNUSED_FUNCTION = YES;
				GCC_WARN_UNUSED_VARIABLE = YES;
				IPHONEOS_DEPLOYMENT_TARGET = 14.4;
				MTL_ENABLE_DEBUG_INFO = INCLUDE_SOURCE;
				MTL_FAST_MATH = YES;
				ONLY_ACTIVE_ARCH = YES;
				SDKROOT = iphoneos;
				SWIFT_ACTIVE_COMPILATION_CONDITIONS = DEBUG;
				SWIFT_OPTIMIZATION_LEVEL = "-Onone";
			};
			name = Debug;
		};
		4A2A612A26141ED600F6B861 /* Release */ = {
			isa = XCBuildConfiguration;
			buildSettings = {
				ALWAYS_SEARCH_USER_PATHS = NO;
				CLANG_ANALYZER_NONNULL = YES;
				CLANG_ANALYZER_NUMBER_OBJECT_CONVERSION = YES_AGGRESSIVE;
				CLANG_CXX_LANGUAGE_STANDARD = "gnu++14";
				CLANG_CXX_LIBRARY = "libc++";
				CLANG_ENABLE_MODULES = YES;
				CLANG_ENABLE_OBJC_ARC = YES;
				CLANG_ENABLE_OBJC_WEAK = YES;
				CLANG_WARN_BLOCK_CAPTURE_AUTORELEASING = YES;
				CLANG_WARN_BOOL_CONVERSION = YES;
				CLANG_WARN_COMMA = YES;
				CLANG_WARN_CONSTANT_CONVERSION = YES;
				CLANG_WARN_DEPRECATED_OBJC_IMPLEMENTATIONS = YES;
				CLANG_WARN_DIRECT_OBJC_ISA_USAGE = YES_ERROR;
				CLANG_WARN_DOCUMENTATION_COMMENTS = YES;
				CLANG_WARN_EMPTY_BODY = YES;
				CLANG_WARN_ENUM_CONVERSION = YES;
				CLANG_WARN_INFINITE_RECURSION = YES;
				CLANG_WARN_INT_CONVERSION = YES;
				CLANG_WARN_NON_LITERAL_NULL_CONVERSION = YES;
				CLANG_WARN_OBJC_IMPLICIT_RETAIN_SELF = YES;
				CLANG_WARN_OBJC_LITERAL_CONVERSION = YES;
				CLANG_WARN_OBJC_ROOT_CLASS = YES_ERROR;
				CLANG_WARN_QUOTED_INCLUDE_IN_FRAMEWORK_HEADER = YES;
				CLANG_WARN_RANGE_LOOP_ANALYSIS = YES;
				CLANG_WARN_STRICT_PROTOTYPES = YES;
				CLANG_WARN_SUSPICIOUS_MOVE = YES;
				CLANG_WARN_UNGUARDED_AVAILABILITY = YES_AGGRESSIVE;
				CLANG_WARN_UNREACHABLE_CODE = YES;
				CLANG_WARN__DUPLICATE_METHOD_MATCH = YES;
				COPY_PHASE_STRIP = NO;
				DEBUG_INFORMATION_FORMAT = "dwarf-with-dsym";
				ENABLE_NS_ASSERTIONS = NO;
				ENABLE_STRICT_OBJC_MSGSEND = YES;
				GCC_C_LANGUAGE_STANDARD = gnu11;
				GCC_NO_COMMON_BLOCKS = YES;
				GCC_WARN_64_TO_32_BIT_CONVERSION = YES;
				GCC_WARN_ABOUT_RETURN_TYPE = YES_ERROR;
				GCC_WARN_UNDECLARED_SELECTOR = YES;
				GCC_WARN_UNINITIALIZED_AUTOS = YES_AGGRESSIVE;
				GCC_WARN_UNUSED_FUNCTION = YES;
				GCC_WARN_UNUSED_VARIABLE = YES;
				IPHONEOS_DEPLOYMENT_TARGET = 14.4;
				MTL_ENABLE_DEBUG_INFO = NO;
				MTL_FAST_MATH = YES;
				SDKROOT = iphoneos;
				SWIFT_COMPILATION_MODE = wholemodule;
				SWIFT_OPTIMIZATION_LEVEL = "-O";
				VALIDATE_PRODUCT = YES;
			};
			name = Release;
		};
		4A2A612C26141ED600F6B861 /* Debug */ = {
			isa = XCBuildConfiguration;
			buildSettings = {
				ASSETCATALOG_COMPILER_APPICON_NAME = AppIcon;
				ASSETCATALOG_COMPILER_GLOBAL_ACCENT_COLOR_NAME = AccentColor;
				CODE_SIGN_STYLE = Automatic;
				DEVELOPMENT_ASSET_PATHS = "\"ntou1902iOS_hw3/Preview Content\"";
				DEVELOPMENT_TEAM = M22WP7B2WF;
				ENABLE_PREVIEWS = YES;
				INFOPLIST_FILE = ntou1902iOS_hw3/Info.plist;
				IPHONEOS_DEPLOYMENT_TARGET = 14.0;
				LD_RUNPATH_SEARCH_PATHS = (
					"$(inherited)",
					"@executable_path/Frameworks",
				);
				PRODUCT_BUNDLE_IDENTIFIER = "grotion.ntou1902iOS-hw3";
				PRODUCT_NAME = "$(TARGET_NAME)";
				SWIFT_VERSION = 5.0;
				TARGETED_DEVICE_FAMILY = "1,2";
			};
			name = Debug;
		};
		4A2A612D26141ED600F6B861 /* Release */ = {
			isa = XCBuildConfiguration;
			buildSettings = {
				ASSETCATALOG_COMPILER_APPICON_NAME = AppIcon;
				ASSETCATALOG_COMPILER_GLOBAL_ACCENT_COLOR_NAME = AccentColor;
				CODE_SIGN_STYLE = Automatic;
				DEVELOPMENT_ASSET_PATHS = "\"ntou1902iOS_hw3/Preview Content\"";
				DEVELOPMENT_TEAM = M22WP7B2WF;
				ENABLE_PREVIEWS = YES;
				INFOPLIST_FILE = ntou1902iOS_hw3/Info.plist;
				IPHONEOS_DEPLOYMENT_TARGET = 14.0;
				LD_RUNPATH_SEARCH_PATHS = (
					"$(inherited)",
					"@executable_path/Frameworks",
				);
				PRODUCT_BUNDLE_IDENTIFIER = "grotion.ntou1902iOS-hw3";
				PRODUCT_NAME = "$(TARGET_NAME)";
				SWIFT_VERSION = 5.0;
				TARGETED_DEVICE_FAMILY = "1,2";
			};
			name = Release;
		};
/* End XCBuildConfiguration section */

/* Begin XCConfigurationList section */
		4A2A611726141ED500F6B861 /* Build configuration list for PBXProject "ntou1902iOS_hw3" */ = {
			isa = XCConfigurationList;
			buildConfigurations = (
				4A2A612926141ED600F6B861 /* Debug */,
				4A2A612A26141ED600F6B861 /* Release */,
			);
			defaultConfigurationIsVisible = 0;
			defaultConfigurationName = Release;
		};
		4A2A612B26141ED600F6B861 /* Build configuration list for PBXNativeTarget "ntou1902iOS_hw3" */ = {
			isa = XCConfigurationList;
			buildConfigurations = (
				4A2A612C26141ED600F6B861 /* Debug */,
				4A2A612D26141ED600F6B861 /* Release */,
			);
			defaultConfigurationIsVisible = 0;
			defaultConfigurationName = Release;
		};
/* End XCConfigurationList section */
	};
	rootObject = 4A2A611426141ED500F6B861 /* Project object */;
}
